{
  "name": "javascript",
  "version": "1.0.0",
  "lockfileVersion": 2,
  "requires": true,
  "packages": {
    "": {
      "name": "javascript",
      "version": "1.0.0",
      "license": "ISC",
      "dependencies": {
        "kontraktor-client": "^4.27.10"
      }
    },
    "node_modules/filereader": {
      "version": "0.10.3",
      "resolved": "https://registry.npmjs.org/filereader/-/filereader-0.10.3.tgz",
      "integrity": "sha1-x0fUos2PYeVBinwH/hJXpD8KzbE="
    },
    "node_modules/kontraktor-client": {
      "version": "4.27.11",
      "resolved": "https://registry.npmjs.org/kontraktor-client/-/kontraktor-client-4.27.11.tgz",
      "integrity": "sha512-f293ZvetXMQvoP4qkQb/iO2mYWT2dkGJF26Ls1pXzPTiqjoB8pf3A88eDWajfY3tUjbQC+ebLofaBNyPtetNkg==",
      "dependencies": {
        "filereader": "~0.10.3",
        "kontraktor-common": "^4.27.0",
        "ws": "^7.3.1"
      }
    },
    "node_modules/kontraktor-common": {
      "version": "4.27.1",
      "resolved": "https://registry.npmjs.org/kontraktor-common/-/kontraktor-common-4.27.1.tgz",
      "integrity": "sha512-9wdFPE1N8fLRFgODLTs3SF6q/D6QdUX76o5xJL+OrTaN7vqpXCXoLwkSxUAD5Spe8v9dVyhnLM+6N1LrKdetEA=="
    },
    "node_modules/ws": {
      "version": "7.5.6",
      "resolved": "https://registry.npmjs.org/ws/-/ws-7.5.6.tgz",
      "integrity": "sha512-6GLgCqo2cy2A2rjCNFlxQS6ZljG/coZfZXclldI8FB/1G3CCI36Zd8xy2HrFVACi8tfk5XrgLQEk+P0Tnz9UcA==",
      "engines": {
        "node": ">=8.3.0"
      },
      "peerDependencies": {
        "bufferutil": "^4.0.1",
        "utf-8-validate": "^5.0.2"
      },
      "peerDependenciesMeta": {
        "bufferutil": {
          "optional": true
        },
        "utf-8-validate": {
          "optional": true
        }
      }
    }
  },
  "dependencies": {
    "filereader": {
      "version": "0.10.3",
      "resolved": "https://registry.npmjs.org/filereader/-/filereader-0.10.3.tgz",
      "integrity": "sha1-x0fUos2PYeVBinwH/hJXpD8KzbE="
    },
    "kontraktor-client": {
      "version": "4.27.11",
      "resolved": "https://registry.npmjs.org/kontraktor-client/-/kontraktor-client-4.27.11.tgz",
      "integrity": "sha512-f293ZvetXMQvoP4qkQb/iO2mYWT2dkGJF26Ls1pXzPTiqjoB8pf3A88eDWajfY3tUjbQC+ebLofaBNyPtetNkg==",
      "requires": {
        "filereader": "~0.10.3",
        "kontraktor-common": "^4.27.0",
        "ws": "^7.3.1"
      }
    },
    "kontraktor-common": {
      "version": "4.27.1",
      "resolved": "https://registry.npmjs.org/kontraktor-common/-/kontraktor-common-4.27.1.tgz",
      "integrity": "sha512-9wdFPE1N8fLRFgODLTs3SF6q/D6QdUX76o5xJL+OrTaN7vqpXCXoLwkSxUAD5Spe8v9dVyhnLM+6N1LrKdetEA=="
    },
    "ws": {
      "version": "7.5.6",
      "resolved": "https://registry.npmjs.org/ws/-/ws-7.5.6.tgz",
      "integrity": "sha512-6GLgCqo2cy2A2rjCNFlxQS6ZljG/coZfZXclldI8FB/1G3CCI36Zd8xy2HrFVACi8tfk5XrgLQEk+P0Tnz9UcA==",
      "requires": {}
    }
  }
}
